// !$*UTF8*$!
{
	archiveVersion = 1;
	classes = {
	};
	objectVersion = 50;
	objects = {

/* Begin PBXBuildFile section */
		544891AD25EE3A50004FE6FE /* SwiftUIDemoApp.swift in Sources */ = {isa = PBXBuildFile; fileRef = 544891AC25EE3A50004FE6FE /* SwiftUIDemoApp.swift */; };
		544891AF25EE3A50004FE6FE /* ContentView.swift in Sources */ = {isa = PBXBuildFile; fileRef = 544891AE25EE3A50004FE6FE /* ContentView.swift */; };
		544891B125EE3A51004FE6FE /* Assets.xcassets in Resources */ = {isa = PBXBuildFile; fileRef = 544891B025EE3A51004FE6FE /* Assets.xcassets */; };
		544891B425EE3A51004FE6FE /* Preview Assets.xcassets in Resources */ = {isa = PBXBuildFile; fileRef = 544891B325EE3A51004FE6FE /* Preview Assets.xcassets */; };
		544891BF25EE3A51004FE6FE /* SwiftUIDemoTests.swift in Sources */ = {isa = PBXBuildFile; fileRef = 544891BE25EE3A51004FE6FE /* SwiftUIDemoTests.swift */; };
		544891CA25EE3A52004FE6FE /* SwiftUIDemoUITests.swift in Sources */ = {isa = PBXBuildFile; fileRef = 544891C925EE3A52004FE6FE /* SwiftUIDemoUITests.swift */; };
		54ABEF9226349C3800E5F5A5 /* ShapeExamples.swift in Sources */ = {isa = PBXBuildFile; fileRef = 54ABEF9126349C3800E5F5A5 /* ShapeExamples.swift */; };
		54C058C2262C81CE002A27C2 /* ListExample.swift in Sources */ = {isa = PBXBuildFile; fileRef = 54C058C1262C81CE002A27C2 /* ListExample.swift */; };
		54C058C7262C9228002A27C2 /* NavigationViewExample.swift in Sources */ = {isa = PBXBuildFile; fileRef = 54C058C6262C9228002A27C2 /* NavigationViewExample.swift */; };
		54C058CC262C92AC002A27C2 /* GeometryReaderExample.swift in Sources */ = {isa = PBXBuildFile; fileRef = 54C058CB262C92AC002A27C2 /* GeometryReaderExample.swift */; };
		54DA7F59262C31AC004FC489 /* Cartoon Blocks Christmas.otf in Resources */ = {isa = PBXBuildFile; fileRef = 54DA7F58262C3160004FC489 /* Cartoon Blocks Christmas.otf */; };
		54DED99D25EEBB610084F841 /* TextExamples.swift in Sources */ = {isa = PBXBuildFile; fileRef = 54DED99C25EEBB610084F841 /* TextExamples.swift */; };
		54DED9A225EEBB740084F841 /* LabelExample.swift in Sources */ = {isa = PBXBuildFile; fileRef = 54DED9A125EEBB740084F841 /* LabelExample.swift */; };
		54DED9A725EEBB980084F841 /* ButtonExamples.swift in Sources */ = {isa = PBXBuildFile; fileRef = 54DED9A625EEBB980084F841 /* ButtonExamples.swift */; };
/* End PBXBuildFile section */

/* Begin PBXContainerItemProxy section */
		544891BB25EE3A51004FE6FE /* PBXContainerItemProxy */ = {
			isa = PBXContainerItemProxy;
			containerPortal = 544891A125EE3A50004FE6FE /* Project object */;
			proxyType = 1;
			remoteGlobalIDString = 544891A825EE3A50004FE6FE;
			remoteInfo = SwiftUIDemoApp;
		};
		544891C625EE3A52004FE6FE /* PBXContainerItemProxy */ = {
			isa = PBXContainerItemProxy;
			containerPortal = 544891A125EE3A50004FE6FE /* Project object */;
			proxyType = 1;
			remoteGlobalIDString = 544891A825EE3A50004FE6FE;
			remoteInfo = SwiftUIDemoApp;
		};
/* End PBXContainerItemProxy section */

/* Begin PBXFileReference section */
		544891A925EE3A50004FE6FE /* SwiftUIDemo.app */ = {isa = PBXFileReference; explicitFileType = wrapper.application; includeInIndex = 0; path = SwiftUIDemo.app; sourceTree = BUILT_PRODUCTS_DIR; };
		544891AC25EE3A50004FE6FE /* SwiftUIDemoApp.swift */ = {isa = PBXFileReference; lastKnownFileType = sourcecode.swift; path = SwiftUIDemoApp.swift; sourceTree = "<group>"; };
		544891AE25EE3A50004FE6FE /* ContentView.swift */ = {isa = PBXFileReference; lastKnownFileType = sourcecode.swift; path = ContentView.swift; sourceTree = "<group>"; };
		544891B025EE3A51004FE6FE /* Assets.xcassets */ = {isa = PBXFileReference; lastKnownFileType = folder.assetcatalog; path = Assets.xcassets; sourceTree = "<group>"; };
		544891B325EE3A51004FE6FE /* Preview Assets.xcassets */ = {isa = PBXFileReference; lastKnownFileType = folder.assetcatalog; path = "Preview Assets.xcassets"; sourceTree = "<group>"; };
		544891B525EE3A51004FE6FE /* Info.plist */ = {isa = PBXFileReference; lastKnownFileType = text.plist.xml; path = Info.plist; sourceTree = "<group>"; };
		544891BA25EE3A51004FE6FE /* SwiftUIDemoTests.xctest */ = {isa = PBXFileReference; explicitFileType = wrapper.cfbundle; includeInIndex = 0; path = SwiftUIDemoTests.xctest; sourceTree = BUILT_PRODUCTS_DIR; };
		544891BE25EE3A51004FE6FE /* SwiftUIDemoTests.swift */ = {isa = PBXFileReference; lastKnownFileType = sourcecode.swift; path = SwiftUIDemoTests.swift; sourceTree = "<group>"; };
		544891C025EE3A51004FE6FE /* Info.plist */ = {isa = PBXFileReference; lastKnownFileType = text.plist.xml; path = Info.plist; sourceTree = "<group>"; };
		544891C525EE3A52004FE6FE /* SwiftUIDemoUITests.xctest */ = {isa = PBXFileReference; explicitFileType = wrapper.cfbundle; includeInIndex = 0; path = SwiftUIDemoUITests.xctest; sourceTree = BUILT_PRODUCTS_DIR; };
		544891C925EE3A52004FE6FE /* SwiftUIDemoUITests.swift */ = {isa = PBXFileReference; lastKnownFileType = sourcecode.swift; path = SwiftUIDemoUITests.swift; sourceTree = "<group>"; };
		544891CB25EE3A52004FE6FE /* Info.plist */ = {isa = PBXFileReference; lastKnownFileType = text.plist.xml; path = Info.plist; sourceTree = "<group>"; };
		54ABEF9126349C3800E5F5A5 /* ShapeExamples.swift */ = {isa = PBXFileReference; lastKnownFileType = sourcecode.swift; path = ShapeExamples.swift; sourceTree = "<group>"; };
		54C058C1262C81CE002A27C2 /* ListExample.swift */ = {isa = PBXFileReference; lastKnownFileType = sourcecode.swift; path = ListExample.swift; sourceTree = "<group>"; };
		54C058C6262C9228002A27C2 /* NavigationViewExample.swift */ = {isa = PBXFileReference; lastKnownFileType = sourcecode.swift; path = NavigationViewExample.swift; sourceTree = "<group>"; };
		54C058CB262C92AC002A27C2 /* GeometryReaderExample.swift */ = {isa = PBXFileReference; lastKnownFileType = sourcecode.swift; path = GeometryReaderExample.swift; sourceTree = "<group>"; };
		54DA7F58262C3160004FC489 /* Cartoon Blocks Christmas.otf */ = {isa = PBXFileReference; lastKnownFileType = file; path = "Cartoon Blocks Christmas.otf"; sourceTree = "<group>"; };
		54DED99C25EEBB610084F841 /* TextExamples.swift */ = {isa = PBXFileReference; lastKnownFileType = sourcecode.swift; path = TextExamples.swift; sourceTree = "<group>"; };
		54DED9A125EEBB740084F841 /* LabelExample.swift */ = {isa = PBXFileReference; lastKnownFileType = sourcecode.swift; path = LabelExample.swift; sourceTree = "<group>"; };
		54DED9A625EEBB980084F841 /* ButtonExamples.swift */ = {isa = PBXFileReference; lastKnownFileType = sourcecode.swift; path = ButtonExamples.swift; sourceTree = "<group>"; };
/* End PBXFileReference section */

/* Begin PBXFrameworksBuildPhase section */
		544891A625EE3A50004FE6FE /* Frameworks */ = {
			isa = PBXFrameworksBuildPhase;
			buildActionMask = 2147483647;
			files = (
			);
			runOnlyForDeploymentPostprocessing = 0;
		};
		544891B725EE3A51004FE6FE /* Frameworks */ = {
			isa = PBXFrameworksBuildPhase;
			buildActionMask = 2147483647;
			files = (
			);
			runOnlyForDeploymentPostprocessing = 0;
		};
		544891C225EE3A52004FE6FE /* Frameworks */ = {
			isa = PBXFrameworksBuildPhase;
			buildActionMask = 2147483647;
			files = (
			);
			runOnlyForDeploymentPostprocessing = 0;
		};
/* End PBXFrameworksBuildPhase section */

/* Begin PBXGroup section */
		544891A025EE3A50004FE6FE = {
			isa = PBXGroup;
			children = (
				544891AB25EE3A50004FE6FE /* SwiftUIDemo */,
				544891BD25EE3A51004FE6FE /* SwiftUIDemoTests */,
				544891C825EE3A52004FE6FE /* SwiftUIDemoUITests */,
				544891AA25EE3A50004FE6FE /* Products */,
			);
			sourceTree = "<group>";
		};
		544891AA25EE3A50004FE6FE /* Products */ = {
			isa = PBXGroup;
			children = (
				544891A925EE3A50004FE6FE /* SwiftUIDemo.app */,
				544891BA25EE3A51004FE6FE /* SwiftUIDemoTests.xctest */,
				544891C525EE3A52004FE6FE /* SwiftUIDemoUITests.xctest */,
			);
			name = Products;
			sourceTree = "<group>";
		};
		544891AB25EE3A50004FE6FE /* SwiftUIDemo */ = {
			isa = PBXGroup;
			children = (
				544891AC25EE3A50004FE6FE /* SwiftUIDemoApp.swift */,
				544891AE25EE3A50004FE6FE /* ContentView.swift */,
				54C058C6262C9228002A27C2 /* NavigationViewExample.swift */,
				54C058CB262C92AC002A27C2 /* GeometryReaderExample.swift */,
				54DED99C25EEBB610084F841 /* TextExamples.swift */,
				54C058C1262C81CE002A27C2 /* ListExample.swift */,
				54DED9A125EEBB740084F841 /* LabelExample.swift */,
				54DED9A625EEBB980084F841 /* ButtonExamples.swift */,
				54ABEF9126349C3800E5F5A5 /* ShapeExamples.swift */,
				544891B525EE3A51004FE6FE /* Info.plist */,
				54C058BA262C76C7002A27C2 /* Assets */,
				544891B225EE3A51004FE6FE /* Preview Content */,
			);
			path = SwiftUIDemo;
			sourceTree = "<group>";
		};
		544891B225EE3A51004FE6FE /* Preview Content */ = {
			isa = PBXGroup;
			children = (
				544891B325EE3A51004FE6FE /* Preview Assets.xcassets */,
			);
			path = "Preview Content";
			sourceTree = "<group>";
		};
		544891BD25EE3A51004FE6FE /* SwiftUIDemoTests */ = {
			isa = PBXGroup;
			children = (
				544891BE25EE3A51004FE6FE /* SwiftUIDemoTests.swift */,
				544891C025EE3A51004FE6FE /* Info.plist */,
			);
			path = SwiftUIDemoTests;
			sourceTree = "<group>";
		};
		544891C825EE3A52004FE6FE /* SwiftUIDemoUITests */ = {
			isa = PBXGroup;
			children = (
				544891C925EE3A52004FE6FE /* SwiftUIDemoUITests.swift */,
				544891CB25EE3A52004FE6FE /* Info.plist */,
			);
			path = SwiftUIDemoUITests;
			sourceTree = "<group>";
		};
		54C058BA262C76C7002A27C2 /* Assets */ = {
			isa = PBXGroup;
			children = (
				54DA7F58262C3160004FC489 /* Cartoon Blocks Christmas.otf */,
				544891B025EE3A51004FE6FE /* Assets.xcassets */,
			);
			path = Assets;
			sourceTree = "<group>";
		};
/* End PBXGroup section */

/* Begin PBXNativeTarget section */
		544891A825EE3A50004FE6FE /* SwiftUIDemo */ = {
			isa = PBXNativeTarget;
			buildConfigurationList = 544891CE25EE3A52004FE6FE /* Build configuration list for PBXNativeTarget "SwiftUIDemo" */;
			buildPhases = (
				544891A525EE3A50004FE6FE /* Sources */,
				544891A625EE3A50004FE6FE /* Frameworks */,
				544891A725EE3A50004FE6FE /* Resources */,
			);
			buildRules = (
			);
			dependencies = (
			);
			name = SwiftUIDemo;
			productName = SwiftUIDemoApp;
			productReference = 544891A925EE3A50004FE6FE /* SwiftUIDemo.app */;
			productType = "com.apple.product-type.application";
		};
		544891B925EE3A51004FE6FE /* SwiftUIDemoTests */ = {
			isa = PBXNativeTarget;
			buildConfigurationList = 544891D125EE3A52004FE6FE /* Build configuration list for PBXNativeTarget "SwiftUIDemoTests" */;
			buildPhases = (
				544891B625EE3A51004FE6FE /* Sources */,
				544891B725EE3A51004FE6FE /* Frameworks */,
				544891B825EE3A51004FE6FE /* Resources */,
			);
			buildRules = (
			);
			dependencies = (
				544891BC25EE3A51004FE6FE /* PBXTargetDependency */,
			);
			name = SwiftUIDemoTests;
			productName = SwiftUIDemoAppTests;
			productReference = 544891BA25EE3A51004FE6FE /* SwiftUIDemoTests.xctest */;
			productType = "com.apple.product-type.bundle.unit-test";
		};
		544891C425EE3A52004FE6FE /* SwiftUIDemoUITests */ = {
			isa = PBXNativeTarget;
			buildConfigurationList = 544891D425EE3A52004FE6FE /* Build configuration list for PBXNativeTarget "SwiftUIDemoUITests" */;
			buildPhases = (
				544891C125EE3A52004FE6FE /* Sources */,
				544891C225EE3A52004FE6FE /* Frameworks */,
				544891C325EE3A52004FE6FE /* Resources */,
			);
			buildRules = (
			);
			dependencies = (
				544891C725EE3A52004FE6FE /* PBXTargetDependency */,
			);
			name = SwiftUIDemoUITests;
			productName = SwiftUIDemoAppUITests;
			productReference = 544891C525EE3A52004FE6FE /* SwiftUIDemoUITests.xctest */;
			productType = "com.apple.product-type.bundle.ui-testing";
		};
/* End PBXNativeTarget section */

/* Begin PBXProject section */
		544891A125EE3A50004FE6FE /* Project object */ = {
			isa = PBXProject;
			attributes = {
				LastSwiftUpdateCheck = 1240;
				LastUpgradeCheck = 1240;
				TargetAttributes = {
					544891A825EE3A50004FE6FE = {
						CreatedOnToolsVersion = 12.4;
					};
					544891B925EE3A51004FE6FE = {
						CreatedOnToolsVersion = 12.4;
						TestTargetID = 544891A825EE3A50004FE6FE;
					};
					544891C425EE3A52004FE6FE = {
						CreatedOnToolsVersion = 12.4;
						TestTargetID = 544891A825EE3A50004FE6FE;
					};
				};
			};
			buildConfigurationList = 544891A425EE3A50004FE6FE /* Build configuration list for PBXProject "SwiftUIDemo" */;
			compatibilityVersion = "Xcode 9.3";
			developmentRegion = en;
			hasScannedForEncodings = 0;
			knownRegions = (
				en,
				Base,
			);
			mainGroup = 544891A025EE3A50004FE6FE;
			productRefGroup = 544891AA25EE3A50004FE6FE /* Products */;
			projectDirPath = "";
			projectRoot = "";
			targets = (
				544891A825EE3A50004FE6FE /* SwiftUIDemo */,
				544891B925EE3A51004FE6FE /* SwiftUIDemoTests */,
				544891C425EE3A52004FE6FE /* SwiftUIDemoUITests */,
			);
		};
/* End PBXProject section */

/* Begin PBXResourcesBuildPhase section */
		544891A725EE3A50004FE6FE /* Resources */ = {
			isa = PBXResourcesBuildPhase;
			buildActionMask = 2147483647;
			files = (
				544891B425EE3A51004FE6FE /* Preview Assets.xcassets in Resources */,
				544891B125EE3A51004FE6FE /* Assets.xcassets in Resources */,
				54DA7F59262C31AC004FC489 /* Cartoon Blocks Christmas.otf in Resources */,
			);
			runOnlyForDeploymentPostprocessing = 0;
		};
		544891B825EE3A51004FE6FE /* Resources */ = {
			isa = PBXResourcesBuildPhase;
			buildActionMask = 2147483647;
			files = (
			);
			runOnlyForDeploymentPostprocessing = 0;
		};
		544891C325EE3A52004FE6FE /* Resources */ = {
			isa = PBXResourcesBuildPhase;
			buildActionMask = 2147483647;
			files = (
			);
			runOnlyForDeploymentPostprocessing = 0;
		};
/* End PBXResourcesBuildPhase section */

/* Begin PBXSourcesBuildPhase section */
		544891A525EE3A50004FE6FE /* Sources */ = {
			isa = PBXSourcesBuildPhase;
			buildActionMask = 2147483647;
			files = (
				54DED9A725EEBB980084F841 /* ButtonExamples.swift in Sources */,
				54C058CC262C92AC002A27C2 /* GeometryReaderExample.swift in Sources */,
				544891AF25EE3A50004FE6FE /* ContentView.swift in Sources */,
				54C058C7262C9228002A27C2 /* NavigationViewExample.swift in Sources */,
				54ABEF9226349C3800E5F5A5 /* ShapeExamples.swift in Sources */,
				54DED9A225EEBB740084F841 /* LabelExample.swift in Sources */,
				54DED99D25EEBB610084F841 /* TextExamples.swift in Sources */,
				54C058C2262C81CE002A27C2 /* ListExample.swift in Sources */,
				544891AD25EE3A50004FE6FE /* SwiftUIDemoApp.swift in Sources */,
			);
			runOnlyForDeploymentPostprocessing = 0;
		};
		544891B625EE3A51004FE6FE /* Sources */ = {
			isa = PBXSourcesBuildPhase;
			buildActionMask = 2147483647;
			files = (
				544891BF25EE3A51004FE6FE /* SwiftUIDemoTests.swift in Sources */,
			);
			runOnlyForDeploymentPostprocessing = 0;
		};
		544891C125EE3A52004FE6FE /* Sources */ = {
			isa = PBXSourcesBuildPhase;
			buildActionMask = 2147483647;
			files = (
				544891CA25EE3A52004FE6FE /* SwiftUIDemoUITests.swift in Sources */,
			);
			runOnlyForDeploymentPostprocessing = 0;
		};
/* End PBXSourcesBuildPhase section */

/* Begin PBXTargetDependency section */
		544891BC25EE3A51004FE6FE /* PBXTargetDependency */ = {
			isa = PBXTargetDependency;
			target = 544891A825EE3A50004FE6FE /* SwiftUIDemo */;
			targetProxy = 544891BB25EE3A51004FE6FE /* PBXContainerItemProxy */;
		};
		544891C725EE3A52004FE6FE /* PBXTargetDependency */ = {
			isa = PBXTargetDependency;
			target = 544891A825EE3A50004FE6FE /* SwiftUIDemo */;
			targetProxy = 544891C625EE3A52004FE6FE /* PBXContainerItemProxy */;
		};
/* End PBXTargetDependency section */

/* Begin XCBuildConfiguration section */
		544891CC25EE3A52004FE6FE /* Debug */ = {
			isa = XCBuildConfiguration;
			buildSettings = {
				ALWAYS_SEARCH_USER_PATHS = NO;
				CLANG_ANALYZER_NONNULL = YES;
				CLANG_ANALYZER_NUMBER_OBJECT_CONVERSION = YES_AGGRESSIVE;
				CLANG_CXX_LANGUAGE_STANDARD = "gnu++14";
				CLANG_CXX_LIBRARY = "libc++";
				CLANG_ENABLE_MODULES = YES;
				CLANG_ENABLE_OBJC_ARC = YES;
				CLANG_ENABLE_OBJC_WEAK = YES;
				CLANG_WARN_BLOCK_CAPTURE_AUTORELEASING = YES;
				CLANG_WARN_BOOL_CONVERSION = YES;
				CLANG_WARN_COMMA = YES;
				CLANG_WARN_CONSTANT_CONVERSION = YES;
				CLANG_WARN_DEPRECATED_OBJC_IMPLEMENTATIONS = YES;
				CLANG_WARN_DIRECT_OBJC_ISA_USAGE = YES_ERROR;
				CLANG_WARN_DOCUMENTATION_COMMENTS = YES;
				CLANG_WARN_EMPTY_BODY = YES;
				CLANG_WARN_ENUM_CONVERSION = YES;
				CLANG_WARN_INFINITE_RECURSION = YES;
				CLANG_WARN_INT_CONVERSION = YES;
				CLANG_WARN_NON_LITERAL_NULL_CONVERSION = YES;
				CLANG_WARN_OBJC_IMPLICIT_RETAIN_SELF = YES;
				CLANG_WARN_OBJC_LITERAL_CONVERSION = YES;
				CLANG_WARN_OBJC_ROOT_CLASS = YES_ERROR;
				CLANG_WARN_QUOTED_INCLUDE_IN_FRAMEWORK_HEADER = YES;
				CLANG_WARN_RANGE_LOOP_ANALYSIS = YES;
				CLANG_WARN_STRICT_PROTOTYPES = YES;
				CLANG_WARN_SUSPICIOUS_MOVE = YES;
				CLANG_WARN_UNGUARDED_AVAILABILITY = YES_AGGRESSIVE;
				CLANG_WARN_UNREACHABLE_CODE = YES;
				CLANG_WARN__DUPLICATE_METHOD_MATCH = YES;
				COPY_PHASE_STRIP = NO;
				DEBUG_INFORMATION_FORMAT = dwarf;
				ENABLE_STRICT_OBJC_MSGSEND = YES;
				ENABLE_TESTABILITY = YES;
				GCC_C_LANGUAGE_STANDARD = gnu11;
				GCC_DYNAMIC_NO_PIC = NO;
				GCC_NO_COMMON_BLOCKS = YES;
				GCC_OPTIMIZATION_LEVEL = 0;
				GCC_PREPROCESSOR_DEFINITIONS = (
					"DEBUG=1",
					"$(inherited)",
				);
				GCC_WARN_64_TO_32_BIT_CONVERSION = YES;
				GCC_WARN_ABOUT_RETURN_TYPE = YES_ERROR;
				GCC_WARN_UNDECLARED_SELECTOR = YES;
				GCC_WARN_UNINITIALIZED_AUTOS = YES_AGGRESSIVE;
				GCC_WARN_UNUSED_FUNCTION = YES;
				GCC_WARN_UNUSED_VARIABLE = YES;
				IPHONEOS_DEPLOYMENT_TARGET = 14.4;
				MTL_ENABLE_DEBUG_INFO = INCLUDE_SOURCE;
				MTL_FAST_MATH = YES;
				ONLY_ACTIVE_ARCH = YES;
				SDKROOT = iphoneos;
				SWIFT_ACTIVE_COMPILATION_CONDITIONS = DEBUG;
				SWIFT_OPTIMIZATION_LEVEL = "-Onone";
			};
			name = Debug;
		};
		544891CD25EE3A52004FE6FE /* Release */ = {
			isa = XCBuildConfiguration;
			buildSettings = {
				ALWAYS_SEARCH_USER_PATHS = NO;
				CLANG_ANALYZER_NONNULL = YES;
				CLANG_ANALYZER_NUMBER_OBJECT_CONVERSION = YES_AGGRESSIVE;
				CLANG_CXX_LANGUAGE_STANDARD = "gnu++14";
				CLANG_CXX_LIBRARY = "libc++";
				CLANG_ENABLE_MODULES = YES;
				CLANG_ENABLE_OBJC_ARC = YES;
				CLANG_ENABLE_OBJC_WEAK = YES;
				CLANG_WARN_BLOCK_CAPTURE_AUTORELEASING = YES;
				CLANG_WARN_BOOL_CONVERSION = YES;
				CLANG_WARN_COMMA = YES;
				CLANG_WARN_CONSTANT_CONVERSION = YES;
				CLANG_WARN_DEPRECATED_OBJC_IMPLEMENTATIONS = YES;
				CLANG_WARN_DIRECT_OBJC_ISA_USAGE = YES_ERROR;
				CLANG_WARN_DOCUMENTATION_COMMENTS = YES;
				CLANG_WARN_EMPTY_BODY = YES;
				CLANG_WARN_ENUM_CONVERSION = YES;
				CLANG_WARN_INFINITE_RECURSION = YES;
				CLANG_WARN_INT_CONVERSION = YES;
				CLANG_WARN_NON_LITERAL_NULL_CONVERSION = YES;
				CLANG_WARN_OBJC_IMPLICIT_RETAIN_SELF = YES;
				CLANG_WARN_OBJC_LITERAL_CONVERSION = YES;
				CLANG_WARN_OBJC_ROOT_CLASS = YES_ERROR;
				CLANG_WARN_QUOTED_INCLUDE_IN_FRAMEWORK_HEADER = YES;
				CLANG_WARN_RANGE_LOOP_ANALYSIS = YES;
				CLANG_WARN_STRICT_PROTOTYPES = YES;
				CLANG_WARN_SUSPICIOUS_MOVE = YES;
				CLANG_WARN_UNGUARDED_AVAILABILITY = YES_AGGRESSIVE;
				CLANG_WARN_UNREACHABLE_CODE = YES;
				CLANG_WARN__DUPLICATE_METHOD_MATCH = YES;
				COPY_PHASE_STRIP = NO;
				DEBUG_INFORMATION_FORMAT = "dwarf-with-dsym";
				ENABLE_NS_ASSERTIONS = NO;
				ENABLE_STRICT_OBJC_MSGSEND = YES;
				GCC_C_LANGUAGE_STANDARD = gnu11;
				GCC_NO_COMMON_BLOCKS = YES;
				GCC_WARN_64_TO_32_BIT_CONVERSION = YES;
				GCC_WARN_ABOUT_RETURN_TYPE = YES_ERROR;
				GCC_WARN_UNDECLARED_SELECTOR = YES;
				GCC_WARN_UNINITIALIZED_AUTOS = YES_AGGRESSIVE;
				GCC_WARN_UNUSED_FUNCTION = YES;
				GCC_WARN_UNUSED_VARIABLE = YES;
				IPHONEOS_DEPLOYMENT_TARGET = 14.4;
				MTL_ENABLE_DEBUG_INFO = NO;
				MTL_FAST_MATH = YES;
				SDKROOT = iphoneos;
				SWIFT_COMPILATION_MODE = wholemodule;
				SWIFT_OPTIMIZATION_LEVEL = "-O";
				VALIDATE_PRODUCT = YES;
			};
			name = Release;
		};
		544891CF25EE3A52004FE6FE /* Debug */ = {
			isa = XCBuildConfiguration;
			buildSettings = {
				ASSETCATALOG_COMPILER_APPICON_NAME = AppIcon;
				ASSETCATALOG_COMPILER_GLOBAL_ACCENT_COLOR_NAME = AccentColor;
				CODE_SIGN_STYLE = Automatic;
				DEVELOPMENT_ASSET_PATHS = "\"SwiftUIDemo/Preview Content\"";
				DEVELOPMENT_TEAM = 84Y3R5UC5Q;
				ENABLE_PREVIEWS = YES;
				INFOPLIST_FILE = SwiftUIDemo/Info.plist;
				IPHONEOS_DEPLOYMENT_TARGET = 14.0;
				LD_RUNPATH_SEARCH_PATHS = (
					"$(inherited)",
					"@executable_path/Frameworks",
				);
				PRODUCT_BUNDLE_IDENTIFIER = com.crooks.SwiftUIDemo;
				PRODUCT_NAME = "$(TARGET_NAME)";
				SWIFT_VERSION = 5.0;
				TARGETED_DEVICE_FAMILY = "1,2";
			};
			name = Debug;
		};
		544891D025EE3A52004FE6FE /* Release */ = {
			isa = XCBuildConfiguration;
			buildSettings = {
				ASSETCATALOG_COMPILER_APPICON_NAME = AppIcon;
				ASSETCATALOG_COMPILER_GLOBAL_ACCENT_COLOR_NAME = AccentColor;
				CODE_SIGN_STYLE = Automatic;
				DEVELOPMENT_ASSET_PATHS = "\"SwiftUIDemo/Preview Content\"";
				DEVELOPMENT_TEAM = 84Y3R5UC5Q;
				ENABLE_PREVIEWS = YES;
				INFOPLIST_FILE = SwiftUIDemo/Info.plist;
				IPHONEOS_DEPLOYMENT_TARGET = 14.0;
				LD_RUNPATH_SEARCH_PATHS = (
					"$(inherited)",
					"@executable_path/Frameworks",
				);
				PRODUCT_BUNDLE_IDENTIFIER = com.crooks.SwiftUIDemo;
				PRODUCT_NAME = "$(TARGET_NAME)";
				SWIFT_VERSION = 5.0;
				TARGETED_DEVICE_FAMILY = "1,2";
			};
			name = Release;
		};
		544891D225EE3A52004FE6FE /* Debug */ = {
			isa = XCBuildConfiguration;
			buildSettings = {
				ALWAYS_EMBED_SWIFT_STANDARD_LIBRARIES = YES;
				BUNDLE_LOADER = "$(TEST_HOST)";
				CODE_SIGN_STYLE = Automatic;
				DEVELOPMENT_TEAM = 84Y3R5UC5Q;
				INFOPLIST_FILE = SwiftUIDemoAppTests/Info.plist;
				IPHONEOS_DEPLOYMENT_TARGET = 14.0;
				LD_RUNPATH_SEARCH_PATHS = (
					"$(inherited)",
					"@executable_path/Frameworks",
					"@loader_path/Frameworks",
				);
				PRODUCT_BUNDLE_IDENTIFIER = com.crooks.SwiftUIDemoAppTests;
				PRODUCT_NAME = "$(TARGET_NAME)";
				SWIFT_VERSION = 5.0;
				TARGETED_DEVICE_FAMILY = "1,2";
				TEST_HOST = "$(BUILT_PRODUCTS_DIR)/SwiftUIDemo.app/SwiftUIDemo";
			};
			name = Debug;
		};
		544891D325EE3A52004FE6FE /* Release */ = {
			isa = XCBuildConfiguration;
			buildSettings = {
				ALWAYS_EMBED_SWIFT_STANDARD_LIBRARIES = YES;
				BUNDLE_LOADER = "$(TEST_HOST)";
				CODE_SIGN_STYLE = Automatic;
				DEVELOPMENT_TEAM = 84Y3R5UC5Q;
				INFOPLIST_FILE = SwiftUIDemoAppTests/Info.plist;
				IPHONEOS_DEPLOYMENT_TARGET = 14.0;
				LD_RUNPATH_SEARCH_PATHS = (
					"$(inherited)",
					"@executable_path/Frameworks",
					"@loader_path/Frameworks",
				);
				PRODUCT_BUNDLE_IDENTIFIER = com.crooks.SwiftUIDemoAppTests;
				PRODUCT_NAME = "$(TARGET_NAME)";
				SWIFT_VERSION = 5.0;
				TARGETED_DEVICE_FAMILY = "1,2";
				TEST_HOST = "$(BUILT_PRODUCTS_DIR)/SwiftUIDemo.app/SwiftUIDemo";
			};
			name = Release;
		};
		544891D525EE3A52004FE6FE /* Debug */ = {
			isa = XCBuildConfiguration;
			buildSettings = {
				ALWAYS_EMBED_SWIFT_STANDARD_LIBRARIES = YES;
				CODE_SIGN_STYLE = Automatic;
				DEVELOPMENT_TEAM = 84Y3R5UC5Q;
				INFOPLIST_FILE = SwiftUIDemoAppUITests/Info.plist;
				LD_RUNPATH_SEARCH_PATHS = (
					"$(inherited)",
					"@executable_path/Frameworks",
					"@loader_path/Frameworks",
				);
				PRODUCT_BUNDLE_IDENTIFIER = com.crooks.SwiftUIDemoAppUITests;
				PRODUCT_NAME = "$(TARGET_NAME)";
				SWIFT_VERSION = 5.0;
				TARGETED_DEVICE_FAMILY = "1,2";
				TEST_TARGET_NAME = SwiftUIDemoApp;
			};
			name = Debug;
		};
		544891D625EE3A52004FE6FE /* Release */ = {
			isa = XCBuildConfiguration;
			buildSettings = {
				ALWAYS_EMBED_SWIFT_STANDARD_LIBRARIES = YES;
				CODE_SIGN_STYLE = Automatic;
				DEVELOPMENT_TEAM = 84Y3R5UC5Q;
				INFOPLIST_FILE = SwiftUIDemoAppUITests/Info.plist;
				LD_RUNPATH_SEARCH_PATHS = (
					"$(inherited)",
					"@executable_path/Frameworks",
					"@loader_path/Frameworks",
				);
				PRODUCT_BUNDLE_IDENTIFIER = com.crooks.SwiftUIDemoAppUITests;
				PRODUCT_NAME = "$(TARGET_NAME)";
				SWIFT_VERSION = 5.0;
				TARGETED_DEVICE_FAMILY = "1,2";
				TEST_TARGET_NAME = SwiftUIDemoApp;
			};
			name = Release;
		};
/* End XCBuildConfiguration section */

/* Begin XCConfigurationList section */
		544891A425EE3A50004FE6FE /* Build configuration list for PBXProject "SwiftUIDemo" */ = {
			isa = XCConfigurationList;
			buildConfigurations = (
				544891CC25EE3A52004FE6FE /* Debug */,
				544891CD25EE3A52004FE6FE /* Release */,
			);
			defaultConfigurationIsVisible = 0;
			defaultConfigurationName = Release;
		};
		544891CE25EE3A52004FE6FE /* Build configuration list for PBXNativeTarget "SwiftUIDemo" */ = {
			isa = XCConfigurationList;
			buildConfigurations = (
				544891CF25EE3A52004FE6FE /* Debug */,
				544891D025EE3A52004FE6FE /* Release */,
			);
			defaultConfigurationIsVisible = 0;
			defaultConfigurationName = Release;
		};
		544891D125EE3A52004FE6FE /* Build configuration list for PBXNativeTarget "SwiftUIDemoTests" */ = {
			isa = XCConfigurationList;
			buildConfigurations = (
				544891D225EE3A52004FE6FE /* Debug */,
				544891D325EE3A52004FE6FE /* Release */,
			);
			defaultConfigurationIsVisible = 0;
			defaultConfigurationName = Release;
		};
		544891D425EE3A52004FE6FE /* Build configuration list for PBXNativeTarget "SwiftUIDemoUITests" */ = {
			isa = XCConfigurationList;
			buildConfigurations = (
				544891D525EE3A52004FE6FE /* Debug */,
				544891D625EE3A52004FE6FE /* Release */,
			);
			defaultConfigurationIsVisible = 0;
			defaultConfigurationName = Release;
		};
/* End XCConfigurationList section */
	};
	rootObject = 544891A125EE3A50004FE6FE /* Project object */;
}
